
Microsoft Visual Studio Solution File, Format Version 12.00
# Visual Studio Version 17
VisualStudioVersion = 17.4.33213.308
MinimumVisualStudioVersion = 10.0.40219.1
Project("{FAE04EC0-301F-11D3-BF4B-00C04F79EFBC}") = "DL", "DL\DL.csproj", "{FC0DD80A-4640-40E9-A040-01E1382B1A6B}"
EndProject
Project("{FAE04EC0-301F-11D3-BF4B-00C04F79EFBC}") = "ML", "ML\ML.csproj", "{43298FD2-4992-4BD9-AD0B-2BD2FE0A32A6}"
EndProject
Project("{FAE04EC0-301F-11D3-BF4B-00C04F79EFBC}") = "BL", "BL\BL.csproj", "{A1ECB9A8-EAF8-4B9B-8E5C-5E92A6824D23}"
EndProject
Project("{FAE04EC0-301F-11D3-BF4B-00C04F79EFBC}") = "PL", "PL\PL.csproj", "{419BF331-D8D4-41B3-B65C-577FEAC36711}"
EndProject
Project("{FAE04EC0-301F-11D3-BF4B-00C04F79EFBC}") = "SL", "SL\SL.csproj", "{34123C07-F130-48EA-88E9-3CDEBF893207}"
EndProject
Global
	GlobalSection(SolutionConfigurationPlatforms) = preSolution
		Debug|Any CPU = Debug|Any CPU
		Release|Any CPU = Release|Any CPU
	EndGlobalSection
	GlobalSection(ProjectConfigurationPlatforms) = postSolution
		{FC0DD80A-4640-40E9-A040-01E1382B1A6B}.Debug|Any CPU.ActiveCfg = Debug|Any CPU
		{FC0DD80A-4640-40E9-A040-01E1382B1A6B}.Debug|Any CPU.Build.0 = Debug|Any CPU
		{FC0DD80A-4640-40E9-A040-01E1382B1A6B}.Release|Any CPU.ActiveCfg = Release|Any CPU
		{FC0DD80A-4640-40E9-A040-01E1382B1A6B}.Release|Any CPU.Build.0 = Release|Any CPU
		{43298FD2-4992-4BD9-AD0B-2BD2FE0A32A6}.Debug|Any CPU.ActiveCfg = Debug|Any CPU
		{43298FD2-4992-4BD9-AD0B-2BD2FE0A32A6}.Debug|Any CPU.Build.0 = Debug|Any CPU
		{43298FD2-4992-4BD9-AD0B-2BD2FE0A32A6}.Release|Any CPU.ActiveCfg = Release|Any CPU
		{43298FD2-4992-4BD9-AD0B-2BD2FE0A32A6}.Release|Any CPU.Build.0 = Release|Any CPU
		{A1ECB9A8-EAF8-4B9B-8E5C-5E92A6824D23}.Debug|Any CPU.ActiveCfg = Debug|Any CPU
		{A1ECB9A8-EAF8-4B9B-8E5C-5E92A6824D23}.Debug|Any CPU.Build.0 = Debug|Any CPU
		{A1ECB9A8-EAF8-4B9B-8E5C-5E92A6824D23}.Release|Any CPU.ActiveCfg = Release|Any CPU
		{A1ECB9A8-EAF8-4B9B-8E5C-5E92A6824D23}.Release|Any CPU.Build.0 = Release|Any CPU
		{419BF331-D8D4-41B3-B65C-577FEAC36711}.Debug|Any CPU.ActiveCfg = Debug|Any CPU
		{419BF331-D8D4-41B3-B65C-577FEAC36711}.Debug|Any CPU.Build.0 = Debug|Any CPU
		{419BF331-D8D4-41B3-B65C-577FEAC36711}.Release|Any CPU.ActiveCfg = Release|Any CPU
		{419BF331-D8D4-41B3-B65C-577FEAC36711}.Release|Any CPU.Build.0 = Release|Any CPU
		{34123C07-F130-48EA-88E9-3CDEBF893207}.Debug|Any CPU.ActiveCfg = Debug|Any CPU
		{34123C07-F130-48EA-88E9-3CDEBF893207}.Debug|Any CPU.Build.0 = Debug|Any CPU
		{34123C07-F130-48EA-88E9-3CDEBF893207}.Release|Any CPU.ActiveCfg = Release|Any CPU
		{34123C07-F130-48EA-88E9-3CDEBF893207}.Release|Any CPU.Build.0 = Release|Any CPU
	EndGlobalSection
	GlobalSection(SolutionProperties) = preSolution
		HideSolutionNode = FALSE
	EndGlobalSection
	GlobalSection(ExtensibilityGlobals) = postSolution
		SolutionGuid = {C5CAACE7-A6C3-4890-9A51-9AB7B6171254}
	EndGlobalSection
EndGlobal
